{
  "name": "another-wordle-solver",
  "version": "1.0.14",
  "lockfileVersion": 1,
  "requires": true,
  "dependencies": {
    "@types/node": {
      "version": "17.0.8",
      "resolved": "https://registry.npmjs.org/@types/node/-/node-17.0.8.tgz",
      "integrity": "sha512-YofkM6fGv4gDJq78g4j0mMuGMkZVxZDgtU0JRdx6FgiJDG+0fY0GKVolOV8WqVmEhLCXkQRjwDdKyPxJp/uucg=="
    },
    "readline-sync": {
      "version": "1.4.10",
      "resolved": "https://registry.npmjs.org/readline-sync/-/readline-sync-1.4.10.tgz",
      "integrity": "sha512-gNva8/6UAe8QYepIQH/jQ2qn91Qj0B9sYjMBBs3QOB8F2CXcKgLxQaJRP76sWVRQt+QU+8fAkCbCvjjMFu7Ycw=="
    },
    "word-list": {
      "version": "3.1.0",
      "resolved": "https://registry.npmjs.org/word-list/-/word-list-3.1.0.tgz",
      "integrity": "sha512-fm5Wqf3ema+SNTJ/WFMSL/mM4iVM+yBRyEI/KjrJTPPLsn72GbNBBK94vORD7nUc9DxE7r3H2MpuiVtiA9FzDg=="
    }
  }
}
